
Microsoft Visual Studio Solution File, Format Version 12.00
# Visual Studio Version 16
VisualStudioVersion = 16.0.31605.320
MinimumVisualStudioVersion = 10.0.40219.1
Project("{FAE04EC0-301F-11D3-BF4B-00C04F79EFBC}") = "Alisveris_Ornek", "Alisveris_Ornek\Alisveris_Ornek.csproj", "{F91946AD-C698-4CD6-8ECB-4D89D0965723}"
EndProject
Global
	GlobalSection(SolutionConfigurationPlatforms) = preSolution
		Debug|Any CPU = Debug|Any CPU
		Release|Any CPU = Release|Any CPU
	EndGlobalSection
	GlobalSection(ProjectConfigurationPlatforms) = postSolution
		{F91946AD-C698-4CD6-8ECB-4D89D0965723}.Debug|Any CPU.ActiveCfg = Debug|Any CPU
		{F91946AD-C698-4CD6-8ECB-4D89D0965723}.Debug|Any CPU.Build.0 = Debug|Any CPU
		{F91946AD-C698-4CD6-8ECB-4D89D0965723}.Release|Any CPU.ActiveCfg = Release|Any CPU
		{F91946AD-C698-4CD6-8ECB-4D89D0965723}.Release|Any CPU.Build.0 = Release|Any CPU
	EndGlobalSection
	GlobalSection(SolutionProperties) = preSolution
		HideSolutionNode = FALSE
	EndGlobalSection
	GlobalSection(ExtensibilityGlobals) = postSolution
		SolutionGuid = {3301D5A2-51FD-442A-BED6-1FADCB1EED30}
	EndGlobalSection
EndGlobal
